
Microsoft Visual Studio Solution File, Format Version 12.00
# Visual Studio Version 17
VisualStudioVersion = 17.3.32819.101
MinimumVisualStudioVersion = 10.0.40219.1
Project("{FAE04EC0-301F-11D3-BF4B-00C04F79EFBC}") = "Star Burst LoL", "Star Burst LoL.csproj", "{44472092-09B1-4722-A5F4-846C3D7F0513}"
EndProject
Global
	GlobalSection(SolutionConfigurationPlatforms) = preSolution
		Debug|Any CPU = Debug|Any CPU
		Release|Any CPU = Release|Any CPU
	EndGlobalSection
	GlobalSection(ProjectConfigurationPlatforms) = postSolution
		{44472092-09B1-4722-A5F4-846C3D7F0513}.Debug|Any CPU.ActiveCfg = Debug|Any CPU
		{44472092-09B1-4722-A5F4-846C3D7F0513}.Debug|Any CPU.Build.0 = Debug|Any CPU
		{44472092-09B1-4722-A5F4-846C3D7F0513}.Release|Any CPU.ActiveCfg = Release|Any CPU
		{44472092-09B1-4722-A5F4-846C3D7F0513}.Release|Any CPU.Build.0 = Release|Any CPU
	EndGlobalSection
	GlobalSection(SolutionProperties) = preSolution
		HideSolutionNode = FALSE
	EndGlobalSection
	GlobalSection(ExtensibilityGlobals) = postSolution
		SolutionGuid = {E1F742EC-C1FF-4084-BC93-3803C21A1CD5}
	EndGlobalSection
EndGlobal
